// !$*UTF8*$!
{
	archiveVersion = 1;
	classes = {
	};
	objectVersion = 56;
	objects = {

/* Begin PBXBuildFile section */
		1E4D42A32AE0199D0069EAF6 /* ViewControllerLogIn.swift in Sources */ = {isa = PBXBuildFile; fileRef = 1E4D42A22AE0199D0069EAF6 /* ViewControllerLogIn.swift */; };
		1E4D42A52AE01A520069EAF6 /* ViewControllerArticle.swift in Sources */ = {isa = PBXBuildFile; fileRef = 1E4D42A42AE01A520069EAF6 /* ViewControllerArticle.swift */; };
		1E86F6B72ADD6AF2009C6199 /* AppDelegate.swift in Sources */ = {isa = PBXBuildFile; fileRef = 1E86F6B62ADD6AF2009C6199 /* AppDelegate.swift */; };
		1E86F6B92ADD6AF2009C6199 /* SceneDelegate.swift in Sources */ = {isa = PBXBuildFile; fileRef = 1E86F6B82ADD6AF2009C6199 /* SceneDelegate.swift */; };
		1E86F6BB2ADD6AF2009C6199 /* ViewController.swift in Sources */ = {isa = PBXBuildFile; fileRef = 1E86F6BA2ADD6AF2009C6199 /* ViewController.swift */; };
		1E86F6BE2ADD6AF2009C6199 /* Main.storyboard in Resources */ = {isa = PBXBuildFile; fileRef = 1E86F6BC2ADD6AF2009C6199 /* Main.storyboard */; };
		1E86F6C02ADD6AF4009C6199 /* Assets.xcassets in Resources */ = {isa = PBXBuildFile; fileRef = 1E86F6BF2ADD6AF4009C6199 /* Assets.xcassets */; };
		1E86F6C32ADD6AF4009C6199 /* LaunchScreen.storyboard in Resources */ = {isa = PBXBuildFile; fileRef = 1E86F6C12ADD6AF4009C6199 /* LaunchScreen.storyboard */; };
		1E86F6CE2ADD6AF4009C6199 /* News_App_AnkitaTests.swift in Sources */ = {isa = PBXBuildFile; fileRef = 1E86F6CD2ADD6AF4009C6199 /* News_App_AnkitaTests.swift */; };
		1E86F6D82ADD6AF4009C6199 /* News_App_AnkitaUITests.swift in Sources */ = {isa = PBXBuildFile; fileRef = 1E86F6D72ADD6AF4009C6199 /* News_App_AnkitaUITests.swift */; };
		1E86F6DA2ADD6AF4009C6199 /* News_App_AnkitaUITestsLaunchTests.swift in Sources */ = {isa = PBXBuildFile; fileRef = 1E86F6D92ADD6AF4009C6199 /* News_App_AnkitaUITestsLaunchTests.swift */; };
		1E86F6EF2ADD75A2009C6199 /* ViewController2.swift in Sources */ = {isa = PBXBuildFile; fileRef = 1E86F6EE2ADD75A2009C6199 /* ViewController2.swift */; };
		1E86F6F12ADD85FC009C6199 /* ViewController3.swift in Sources */ = {isa = PBXBuildFile; fileRef = 1E86F6F02ADD85FC009C6199 /* ViewController3.swift */; };
/* End PBXBuildFile section */

/* Begin PBXContainerItemProxy section */
		1E86F6CA2ADD6AF4009C6199 /* PBXContainerItemProxy */ = {
			isa = PBXContainerItemProxy;
			containerPortal = 1E86F6AB2ADD6AF2009C6199 /* Project object */;
			proxyType = 1;
			remoteGlobalIDString = 1E86F6B22ADD6AF2009C6199;
			remoteInfo = "News App Ankita";
		};
		1E86F6D42ADD6AF4009C6199 /* PBXContainerItemProxy */ = {
			isa = PBXContainerItemProxy;
			containerPortal = 1E86F6AB2ADD6AF2009C6199 /* Project object */;
			proxyType = 1;
			remoteGlobalIDString = 1E86F6B22ADD6AF2009C6199;
			remoteInfo = "News App Ankita";
		};
/* End PBXContainerItemProxy section */

/* Begin PBXFileReference section */
		1E4D42A22AE0199D0069EAF6 /* ViewControllerLogIn.swift */ = {isa = PBXFileReference; lastKnownFileType = sourcecode.swift; path = ViewControllerLogIn.swift; sourceTree = "<group>"; };
		1E4D42A42AE01A520069EAF6 /* ViewControllerArticle.swift */ = {isa = PBXFileReference; lastKnownFileType = sourcecode.swift; path = ViewControllerArticle.swift; sourceTree = "<group>"; };
		1E86F6B32ADD6AF2009C6199 /* News App Ankita.app */ = {isa = PBXFileReference; explicitFileType = wrapper.application; includeInIndex = 0; path = "News App Ankita.app"; sourceTree = BUILT_PRODUCTS_DIR; };
		1E86F6B62ADD6AF2009C6199 /* AppDelegate.swift */ = {isa = PBXFileReference; lastKnownFileType = sourcecode.swift; path = AppDelegate.swift; sourceTree = "<group>"; };
		1E86F6B82ADD6AF2009C6199 /* SceneDelegate.swift */ = {isa = PBXFileReference; lastKnownFileType = sourcecode.swift; path = SceneDelegate.swift; sourceTree = "<group>"; };
		1E86F6BA2ADD6AF2009C6199 /* ViewController.swift */ = {isa = PBXFileReference; lastKnownFileType = sourcecode.swift; path = ViewController.swift; sourceTree = "<group>"; };
		1E86F6BD2ADD6AF2009C6199 /* Base */ = {isa = PBXFileReference; lastKnownFileType = file.storyboard; name = Base; path = Base.lproj/Main.storyboard; sourceTree = "<group>"; };
		1E86F6BF2ADD6AF4009C6199 /* Assets.xcassets */ = {isa = PBXFileReference; lastKnownFileType = folder.assetcatalog; path = Assets.xcassets; sourceTree = "<group>"; };
		1E86F6C22ADD6AF4009C6199 /* Base */ = {isa = PBXFileReference; lastKnownFileType = file.storyboard; name = Base; path = Base.lproj/LaunchScreen.storyboard; sourceTree = "<group>"; };
		1E86F6C42ADD6AF4009C6199 /* Info.plist */ = {isa = PBXFileReference; lastKnownFileType = text.plist.xml; path = Info.plist; sourceTree = "<group>"; };
		1E86F6C92ADD6AF4009C6199 /* News App AnkitaTests.xctest */ = {isa = PBXFileReference; explicitFileType = wrapper.cfbundle; includeInIndex = 0; path = "News App AnkitaTests.xctest"; sourceTree = BUILT_PRODUCTS_DIR; };
		1E86F6CD2ADD6AF4009C6199 /* News_App_AnkitaTests.swift */ = {isa = PBXFileReference; lastKnownFileType = sourcecode.swift; path = News_App_AnkitaTests.swift; sourceTree = "<group>"; };
		1E86F6D32ADD6AF4009C6199 /* News App AnkitaUITests.xctest */ = {isa = PBXFileReference; explicitFileType = wrapper.cfbundle; includeInIndex = 0; path = "News App AnkitaUITests.xctest"; sourceTree = BUILT_PRODUCTS_DIR; };
		1E86F6D72ADD6AF4009C6199 /* News_App_AnkitaUITests.swift */ = {isa = PBXFileReference; lastKnownFileType = sourcecode.swift; path = News_App_AnkitaUITests.swift; sourceTree = "<group>"; };
		1E86F6D92ADD6AF4009C6199 /* News_App_AnkitaUITestsLaunchTests.swift */ = {isa = PBXFileReference; lastKnownFileType = sourcecode.swift; path = News_App_AnkitaUITestsLaunchTests.swift; sourceTree = "<group>"; };
		1E86F6EE2ADD75A2009C6199 /* ViewController2.swift */ = {isa = PBXFileReference; lastKnownFileType = sourcecode.swift; path = ViewController2.swift; sourceTree = "<group>"; };
		1E86F6F02ADD85FC009C6199 /* ViewController3.swift */ = {isa = PBXFileReference; lastKnownFileType = sourcecode.swift; path = ViewController3.swift; sourceTree = "<group>"; };
/* End PBXFileReference section */

/* Begin PBXFrameworksBuildPhase section */
		1E86F6B02ADD6AF2009C6199 /* Frameworks */ = {
			isa = PBXFrameworksBuildPhase;
			buildActionMask = 2147483647;
			files = (
			);
			runOnlyForDeploymentPostprocessing = 0;
		};
		1E86F6C62ADD6AF4009C6199 /* Frameworks */ = {
			isa = PBXFrameworksBuildPhase;
			buildActionMask = 2147483647;
			files = (
			);
			runOnlyForDeploymentPostprocessing = 0;
		};
		1E86F6D02ADD6AF4009C6199 /* Frameworks */ = {
			isa = PBXFrameworksBuildPhase;
			buildActionMask = 2147483647;
			files = (
			);
			runOnlyForDeploymentPostprocessing = 0;
		};
/* End PBXFrameworksBuildPhase section */

/* Begin PBXGroup section */
		1E86F6AA2ADD6AF2009C6199 = {
			isa = PBXGroup;
			children = (
				1E86F6B52ADD6AF2009C6199 /* News App Ankita */,
				1E86F6CC2ADD6AF4009C6199 /* News App AnkitaTests */,
				1E86F6D62ADD6AF4009C6199 /* News App AnkitaUITests */,
				1E86F6B42ADD6AF2009C6199 /* Products */,
			);
			sourceTree = "<group>";
		};
		1E86F6B42ADD6AF2009C6199 /* Products */ = {
			isa = PBXGroup;
			children = (
				1E86F6B32ADD6AF2009C6199 /* News App Ankita.app */,
				1E86F6C92ADD6AF4009C6199 /* News App AnkitaTests.xctest */,
				1E86F6D32ADD6AF4009C6199 /* News App AnkitaUITests.xctest */,
			);
			name = Products;
			sourceTree = "<group>";
		};
		1E86F6B52ADD6AF2009C6199 /* News App Ankita */ = {
			isa = PBXGroup;
			children = (
				1E86F6B62ADD6AF2009C6199 /* AppDelegate.swift */,
				1E86F6B82ADD6AF2009C6199 /* SceneDelegate.swift */,
				1E86F6BA2ADD6AF2009C6199 /* ViewController.swift */,
				1E86F6F02ADD85FC009C6199 /* ViewController3.swift */,
				1E86F6EE2ADD75A2009C6199 /* ViewController2.swift */,
				1E86F6BC2ADD6AF2009C6199 /* Main.storyboard */,
				1E4D42A22AE0199D0069EAF6 /* ViewControllerLogIn.swift */,
				1E86F6BF2ADD6AF4009C6199 /* Assets.xcassets */,
				1E86F6C12ADD6AF4009C6199 /* LaunchScreen.storyboard */,
				1E4D42A42AE01A520069EAF6 /* ViewControllerArticle.swift */,
				1E86F6C42ADD6AF4009C6199 /* Info.plist */,
			);
			path = "News App Ankita";
			sourceTree = "<group>";
		};
		1E86F6CC2ADD6AF4009C6199 /* News App AnkitaTests */ = {
			isa = PBXGroup;
			children = (
				1E86F6CD2ADD6AF4009C6199 /* News_App_AnkitaTests.swift */,
			);
			path = "News App AnkitaTests";
			sourceTree = "<group>";
		};
		1E86F6D62ADD6AF4009C6199 /* News App AnkitaUITests */ = {
			isa = PBXGroup;
			children = (
				1E86F6D72ADD6AF4009C6199 /* News_App_AnkitaUITests.swift */,
				1E86F6D92ADD6AF4009C6199 /* News_App_AnkitaUITestsLaunchTests.swift */,
			);
			path = "News App AnkitaUITests";
			sourceTree = "<group>";
		};
/* End PBXGroup section */

/* Begin PBXNativeTarget section */
		1E86F6B22ADD6AF2009C6199 /* News App Ankita */ = {
			isa = PBXNativeTarget;
			buildConfigurationList = 1E86F6DD2ADD6AF4009C6199 /* Build configuration list for PBXNativeTarget "News App Ankita" */;
			buildPhases = (
				1E86F6AF2ADD6AF2009C6199 /* Sources */,
				1E86F6B02ADD6AF2009C6199 /* Frameworks */,
				1E86F6B12ADD6AF2009C6199 /* Resources */,
			);
			buildRules = (
			);
			dependencies = (
			);
			name = "News App Ankita";
			productName = "News App Ankita";
			productReference = 1E86F6B32ADD6AF2009C6199 /* News App Ankita.app */;
			productType = "com.apple.product-type.application";
		};
		1E86F6C82ADD6AF4009C6199 /* News App AnkitaTests */ = {
			isa = PBXNativeTarget;
			buildConfigurationList = 1E86F6E02ADD6AF4009C6199 /* Build configuration list for PBXNativeTarget "News App AnkitaTests" */;
			buildPhases = (
				1E86F6C52ADD6AF4009C6199 /* Sources */,
				1E86F6C62ADD6AF4009C6199 /* Frameworks */,
				1E86F6C72ADD6AF4009C6199 /* Resources */,
			);
			buildRules = (
			);
			dependencies = (
				1E86F6CB2ADD6AF4009C6199 /* PBXTargetDependency */,
			);
			name = "News App AnkitaTests";
			productName = "News App AnkitaTests";
			productReference = 1E86F6C92ADD6AF4009C6199 /* News App AnkitaTests.xctest */;
			productType = "com.apple.product-type.bundle.unit-test";
		};
		1E86F6D22ADD6AF4009C6199 /* News App AnkitaUITests */ = {
			isa = PBXNativeTarget;
			buildConfigurationList = 1E86F6E32ADD6AF4009C6199 /* Build configuration list for PBXNativeTarget "News App AnkitaUITests" */;
			buildPhases = (
				1E86F6CF2ADD6AF4009C6199 /* Sources */,
				1E86F6D02ADD6AF4009C6199 /* Frameworks */,
				1E86F6D12ADD6AF4009C6199 /* Resources */,
			);
			buildRules = (
			);
			dependencies = (
				1E86F6D52ADD6AF4009C6199 /* PBXTargetDependency */,
			);
			name = "News App AnkitaUITests";
			productName = "News App AnkitaUITests";
			productReference = 1E86F6D32ADD6AF4009C6199 /* News App AnkitaUITests.xctest */;
			productType = "com.apple.product-type.bundle.ui-testing";
		};
/* End PBXNativeTarget section */

/* Begin PBXProject section */
		1E86F6AB2ADD6AF2009C6199 /* Project object */ = {
			isa = PBXProject;
			attributes = {
				BuildIndependentTargetsInParallel = 1;
				LastSwiftUpdateCheck = 1430;
				LastUpgradeCheck = 1430;
				TargetAttributes = {
					1E86F6B22ADD6AF2009C6199 = {
						CreatedOnToolsVersion = 14.3.1;
					};
					1E86F6C82ADD6AF4009C6199 = {
						CreatedOnToolsVersion = 14.3.1;
						TestTargetID = 1E86F6B22ADD6AF2009C6199;
					};
					1E86F6D22ADD6AF4009C6199 = {
						CreatedOnToolsVersion = 14.3.1;
						TestTargetID = 1E86F6B22ADD6AF2009C6199;
					};
				};
			};
			buildConfigurationList = 1E86F6AE2ADD6AF2009C6199 /* Build configuration list for PBXProject "News App Ankita" */;
			compatibilityVersion = "Xcode 14.0";
			developmentRegion = en;
			hasScannedForEncodings = 0;
			knownRegions = (
				en,
				Base,
			);
			mainGroup = 1E86F6AA2ADD6AF2009C6199;
			productRefGroup = 1E86F6B42ADD6AF2009C6199 /* Products */;
			projectDirPath = "";
			projectRoot = "";
			targets = (
				1E86F6B22ADD6AF2009C6199 /* News App Ankita */,
				1E86F6C82ADD6AF4009C6199 /* News App AnkitaTests */,
				1E86F6D22ADD6AF4009C6199 /* News App AnkitaUITests */,
			);
		};
/* End PBXProject section */

/* Begin PBXResourcesBuildPhase section */
		1E86F6B12ADD6AF2009C6199 /* Resources */ = {
			isa = PBXResourcesBuildPhase;
			buildActionMask = 2147483647;
			files = (
				1E86F6C32ADD6AF4009C6199 /* LaunchScreen.storyboard in Resources */,
				1E86F6C02ADD6AF4009C6199 /* Assets.xcassets in Resources */,
				1E86F6BE2ADD6AF2009C6199 /* Main.storyboard in Resources */,
			);
			runOnlyForDeploymentPostprocessing = 0;
		};
		1E86F6C72ADD6AF4009C6199 /* Resources */ = {
			isa = PBXResourcesBuildPhase;
			buildActionMask = 2147483647;
			files = (
			);
			runOnlyForDeploymentPostprocessing = 0;
		};
		1E86F6D12ADD6AF4009C6199 /* Resources */ = {
			isa = PBXResourcesBuildPhase;
			buildActionMask = 2147483647;
			files = (
			);
			runOnlyForDeploymentPostprocessing = 0;
		};
/* End PBXResourcesBuildPhase section */

/* Begin PBXSourcesBuildPhase section */
		1E86F6AF2ADD6AF2009C6199 /* Sources */ = {
			isa = PBXSourcesBuildPhase;
			buildActionMask = 2147483647;
			files = (
				1E86F6F12ADD85FC009C6199 /* ViewController3.swift in Sources */,
				1E86F6BB2ADD6AF2009C6199 /* ViewController.swift in Sources */,
				1E4D42A52AE01A520069EAF6 /* ViewControllerArticle.swift in Sources */,
				1E4D42A32AE0199D0069EAF6 /* ViewControllerLogIn.swift in Sources */,
				1E86F6EF2ADD75A2009C6199 /* ViewController2.swift in Sources */,
				1E86F6B72ADD6AF2009C6199 /* AppDelegate.swift in Sources */,
				1E86F6B92ADD6AF2009C6199 /* SceneDelegate.swift in Sources */,
			);
			runOnlyForDeploymentPostprocessing = 0;
		};
		1E86F6C52ADD6AF4009C6199 /* Sources */ = {
			isa = PBXSourcesBuildPhase;
			buildActionMask = 2147483647;
			files = (
				1E86F6CE2ADD6AF4009C6199 /* News_App_AnkitaTests.swift in Sources */,
			);
			runOnlyForDeploymentPostprocessing = 0;
		};
		1E86F6CF2ADD6AF4009C6199 /* Sources */ = {
			isa = PBXSourcesBuildPhase;
			buildActionMask = 2147483647;
			files = (
				1E86F6D82ADD6AF4009C6199 /* News_App_AnkitaUITests.swift in Sources */,
				1E86F6DA2ADD6AF4009C6199 /* News_App_AnkitaUITestsLaunchTests.swift in Sources */,
			);
			runOnlyForDeploymentPostprocessing = 0;
		};
/* End PBXSourcesBuildPhase section */

/* Begin PBXTargetDependency section */
		1E86F6CB2ADD6AF4009C6199 /* PBXTargetDependency */ = {
			isa = PBXTargetDependency;
			target = 1E86F6B22ADD6AF2009C6199 /* News App Ankita */;
			targetProxy = 1E86F6CA2ADD6AF4009C6199 /* PBXContainerItemProxy */;
		};
		1E86F6D52ADD6AF4009C6199 /* PBXTargetDependency */ = {
			isa = PBXTargetDependency;
			target = 1E86F6B22ADD6AF2009C6199 /* News App Ankita */;
			targetProxy = 1E86F6D42ADD6AF4009C6199 /* PBXContainerItemProxy */;
		};
/* End PBXTargetDependency section */

/* Begin PBXVariantGroup section */
		1E86F6BC2ADD6AF2009C6199 /* Main.storyboard */ = {
			isa = PBXVariantGroup;
			children = (
				1E86F6BD2ADD6AF2009C6199 /* Base */,
			);
			name = Main.storyboard;
			sourceTree = "<group>";
		};
		1E86F6C12ADD6AF4009C6199 /* LaunchScreen.storyboard */ = {
			isa = PBXVariantGroup;
			children = (
				1E86F6C22ADD6AF4009C6199 /* Base */,
			);
			name = LaunchScreen.storyboard;
			sourceTree = "<group>";
		};
/* End PBXVariantGroup section */

/* Begin XCBuildConfiguration section */
		1E86F6DB2ADD6AF4009C6199 /* Debug */ = {
			isa = XCBuildConfiguration;
			buildSettings = {
				ALWAYS_SEARCH_USER_PATHS = NO;
				CLANG_ANALYZER_NONNULL = YES;
				CLANG_ANALYZER_NUMBER_OBJECT_CONVERSION = YES_AGGRESSIVE;
				CLANG_CXX_LANGUAGE_STANDARD = "gnu++20";
				CLANG_ENABLE_MODULES = YES;
				CLANG_ENABLE_OBJC_ARC = YES;
				CLANG_ENABLE_OBJC_WEAK = YES;
				CLANG_WARN_BLOCK_CAPTURE_AUTORELEASING = YES;
				CLANG_WARN_BOOL_CONVERSION = YES;
				CLANG_WARN_COMMA = YES;
				CLANG_WARN_CONSTANT_CONVERSION = YES;
				CLANG_WARN_DEPRECATED_OBJC_IMPLEMENTATIONS = YES;
				CLANG_WARN_DIRECT_OBJC_ISA_USAGE = YES_ERROR;
				CLANG_WARN_DOCUMENTATION_COMMENTS = YES;
				CLANG_WARN_EMPTY_BODY = YES;
				CLANG_WARN_ENUM_CONVERSION = YES;
				CLANG_WARN_INFINITE_RECURSION = YES;
				CLANG_WARN_INT_CONVERSION = YES;
				CLANG_WARN_NON_LITERAL_NULL_CONVERSION = YES;
				CLANG_WARN_OBJC_IMPLICIT_RETAIN_SELF = YES;
				CLANG_WARN_OBJC_LITERAL_CONVERSION = YES;
				CLANG_WARN_OBJC_ROOT_CLASS = YES_ERROR;
				CLANG_WARN_QUOTED_INCLUDE_IN_FRAMEWORK_HEADER = YES;
				CLANG_WARN_RANGE_LOOP_ANALYSIS = YES;
				CLANG_WARN_STRICT_PROTOTYPES = YES;
				CLANG_WARN_SUSPICIOUS_MOVE = YES;
				CLANG_WARN_UNGUARDED_AVAILABILITY = YES_AGGRESSIVE;
				CLANG_WARN_UNREACHABLE_CODE = YES;
				CLANG_WARN__DUPLICATE_METHOD_MATCH = YES;
				COPY_PHASE_STRIP = NO;
				DEBUG_INFORMATION_FORMAT = dwarf;
				ENABLE_STRICT_OBJC_MSGSEND = YES;
				ENABLE_TESTABILITY = YES;
				GCC_C_LANGUAGE_STANDARD = gnu11;
				GCC_DYNAMIC_NO_PIC = NO;
				GCC_NO_COMMON_BLOCKS = YES;
				GCC_OPTIMIZATION_LEVEL = 0;
				GCC_PREPROCESSOR_DEFINITIONS = (
					"DEBUG=1",
					"$(inherited)",
				);
				GCC_WARN_64_TO_32_BIT_CONVERSION = YES;
				GCC_WARN_ABOUT_RETURN_TYPE = YES_ERROR;
				GCC_WARN_UNDECLARED_SELECTOR = YES;
				GCC_WARN_UNINITIALIZED_AUTOS = YES_AGGRESSIVE;
				GCC_WARN_UNUSED_FUNCTION = YES;
				GCC_WARN_UNUSED_VARIABLE = YES;
				IPHONEOS_DEPLOYMENT_TARGET = 16.4;
				MTL_ENABLE_DEBUG_INFO = INCLUDE_SOURCE;
				MTL_FAST_MATH = YES;
				ONLY_ACTIVE_ARCH = YES;
				SDKROOT = iphoneos;
				SWIFT_ACTIVE_COMPILATION_CONDITIONS = DEBUG;
				SWIFT_OPTIMIZATION_LEVEL = "-Onone";
			};
			name = Debug;
		};
		1E86F6DC2ADD6AF4009C6199 /* Release */ = {
			isa = XCBuildConfiguration;
			buildSettings = {
				ALWAYS_SEARCH_USER_PATHS = NO;
				CLANG_ANALYZER_NONNULL = YES;
				CLANG_ANALYZER_NUMBER_OBJECT_CONVERSION = YES_AGGRESSIVE;
				CLANG_CXX_LANGUAGE_STANDARD = "gnu++20";
				CLANG_ENABLE_MODULES = YES;
				CLANG_ENABLE_OBJC_ARC = YES;
				CLANG_ENABLE_OBJC_WEAK = YES;
				CLANG_WARN_BLOCK_CAPTURE_AUTORELEASING = YES;
				CLANG_WARN_BOOL_CONVERSION = YES;
				CLANG_WARN_COMMA = YES;
				CLANG_WARN_CONSTANT_CONVERSION = YES;
				CLANG_WARN_DEPRECATED_OBJC_IMPLEMENTATIONS = YES;
				CLANG_WARN_DIRECT_OBJC_ISA_USAGE = YES_ERROR;
				CLANG_WARN_DOCUMENTATION_COMMENTS = YES;
				CLANG_WARN_EMPTY_BODY = YES;
				CLANG_WARN_ENUM_CONVERSION = YES;
				CLANG_WARN_INFINITE_RECURSION = YES;
				CLANG_WARN_INT_CONVERSION = YES;
				CLANG_WARN_NON_LITERAL_NULL_CONVERSION = YES;
				CLANG_WARN_OBJC_IMPLICIT_RETAIN_SELF = YES;
				CLANG_WARN_OBJC_LITERAL_CONVERSION = YES;
				CLANG_WARN_OBJC_ROOT_CLASS = YES_ERROR;
				CLANG_WARN_QUOTED_INCLUDE_IN_FRAMEWORK_HEADER = YES;
				CLANG_WARN_RANGE_LOOP_ANALYSIS = YES;
				CLANG_WARN_STRICT_PROTOTYPES = YES;
				CLANG_WARN_SUSPICIOUS_MOVE = YES;
				CLANG_WARN_UNGUARDED_AVAILABILITY = YES_AGGRESSIVE;
				CLANG_WARN_UNREACHABLE_CODE = YES;
				CLANG_WARN__DUPLICATE_METHOD_MATCH = YES;
				COPY_PHASE_STRIP = NO;
				DEBUG_INFORMATION_FORMAT = "dwarf-with-dsym";
				ENABLE_NS_ASSERTIONS = NO;
				ENABLE_STRICT_OBJC_MSGSEND = YES;
				GCC_C_LANGUAGE_STANDARD = gnu11;
				GCC_NO_COMMON_BLOCKS = YES;
				GCC_WARN_64_TO_32_BIT_CONVERSION = YES;
				GCC_WARN_ABOUT_RETURN_TYPE = YES_ERROR;
				GCC_WARN_UNDECLARED_SELECTOR = YES;
				GCC_WARN_UNINITIALIZED_AUTOS = YES_AGGRESSIVE;
				GCC_WARN_UNUSED_FUNCTION = YES;
				GCC_WARN_UNUSED_VARIABLE = YES;
				IPHONEOS_DEPLOYMENT_TARGET = 16.4;
				MTL_ENABLE_DEBUG_INFO = NO;
				MTL_FAST_MATH = YES;
				SDKROOT = iphoneos;
				SWIFT_COMPILATION_MODE = wholemodule;
				SWIFT_OPTIMIZATION_LEVEL = "-O";
				VALIDATE_PRODUCT = YES;
			};
			name = Release;
		};
		1E86F6DE2ADD6AF4009C6199 /* Debug */ = {
			isa = XCBuildConfiguration;
			buildSettings = {
				ASSETCATALOG_COMPILER_APPICON_NAME = AppIcon;
				ASSETCATALOG_COMPILER_GLOBAL_ACCENT_COLOR_NAME = AccentColor;
				CODE_SIGN_STYLE = Automatic;
				CURRENT_PROJECT_VERSION = 1;
				GENERATE_INFOPLIST_FILE = YES;
				INFOPLIST_FILE = "News App Ankita/Info.plist";
				INFOPLIST_KEY_UIApplicationSupportsIndirectInputEvents = YES;
				INFOPLIST_KEY_UILaunchStoryboardName = LaunchScreen;
				INFOPLIST_KEY_UIMainStoryboardFile = Main;
				INFOPLIST_KEY_UISupportedInterfaceOrientations_iPad = "UIInterfaceOrientationPortrait UIInterfaceOrientationPortraitUpsideDown UIInterfaceOrientationLandscapeLeft UIInterfaceOrientationLandscapeRight";
				INFOPLIST_KEY_UISupportedInterfaceOrientations_iPhone = "UIInterfaceOrientationPortrait UIInterfaceOrientationLandscapeLeft UIInterfaceOrientationLandscapeRight";
				LD_RUNPATH_SEARCH_PATHS = (
					"$(inherited)",
					"@executable_path/Frameworks",
				);
				MARKETING_VERSION = 1.0;
				PRODUCT_BUNDLE_IDENTIFIER = "com.ansh.News-App-Ankita";
				PRODUCT_NAME = "$(TARGET_NAME)";
				SWIFT_EMIT_LOC_STRINGS = YES;
				SWIFT_VERSION = 5.0;
				TARGETED_DEVICE_FAMILY = "1,2";
			};
			name = Debug;
		};
		1E86F6DF2ADD6AF4009C6199 /* Release */ = {
			isa = XCBuildConfiguration;
			buildSettings = {
				ASSETCATALOG_COMPILER_APPICON_NAME = AppIcon;
				ASSETCATALOG_COMPILER_GLOBAL_ACCENT_COLOR_NAME = AccentColor;
				CODE_SIGN_STYLE = Automatic;
				CURRENT_PROJECT_VERSION = 1;
				GENERATE_INFOPLIST_FILE = YES;
				INFOPLIST_FILE = "News App Ankita/Info.plist";
				INFOPLIST_KEY_UIApplicationSupportsIndirectInputEvents = YES;
				INFOPLIST_KEY_UILaunchStoryboardName = LaunchScreen;
				INFOPLIST_KEY_UIMainStoryboardFile = Main;
				INFOPLIST_KEY_UISupportedInterfaceOrientations_iPad = "UIInterfaceOrientationPortrait UIInterfaceOrientationPortraitUpsideDown UIInterfaceOrientationLandscapeLeft UIInterfaceOrientationLandscapeRight";
				INFOPLIST_KEY_UISupportedInterfaceOrientations_iPhone = "UIInterfaceOrientationPortrait UIInterfaceOrientationLandscapeLeft UIInterfaceOrientationLandscapeRight";
				LD_RUNPATH_SEARCH_PATHS = (
					"$(inherited)",
					"@executable_path/Frameworks",
				);
				MARKETING_VERSION = 1.0;
				PRODUCT_BUNDLE_IDENTIFIER = "com.ansh.News-App-Ankita";
				PRODUCT_NAME = "$(TARGET_NAME)";
				SWIFT_EMIT_LOC_STRINGS = YES;
				SWIFT_VERSION = 5.0;
				TARGETED_DEVICE_FAMILY = "1,2";
			};
			name = Release;
		};
		1E86F6E12ADD6AF4009C6199 /* Debug */ = {
			isa = XCBuildConfiguration;
			buildSettings = {
				ALWAYS_EMBED_SWIFT_STANDARD_LIBRARIES = YES;
				BUNDLE_LOADER = "$(TEST_HOST)";
				CODE_SIGN_STYLE = Automatic;
				CURRENT_PROJECT_VERSION = 1;
				GENERATE_INFOPLIST_FILE = YES;
				IPHONEOS_DEPLOYMENT_TARGET = 16.4;
				MARKETING_VERSION = 1.0;
				PRODUCT_BUNDLE_IDENTIFIER = "com.ansh.News-App-AnkitaTests";
				PRODUCT_NAME = "$(TARGET_NAME)";
				SWIFT_EMIT_LOC_STRINGS = NO;
				SWIFT_VERSION = 5.0;
				TARGETED_DEVICE_FAMILY = "1,2";
				TEST_HOST = "$(BUILT_PRODUCTS_DIR)/News App Ankita.app/$(BUNDLE_EXECUTABLE_FOLDER_PATH)/News App Ankita";
			};
			name = Debug;
		};
		1E86F6E22ADD6AF4009C6199 /* Release */ = {
			isa = XCBuildConfiguration;
			buildSettings = {
				ALWAYS_EMBED_SWIFT_STANDARD_LIBRARIES = YES;
				BUNDLE_LOADER = "$(TEST_HOST)";
				CODE_SIGN_STYLE = Automatic;
				CURRENT_PROJECT_VERSION = 1;
				GENERATE_INFOPLIST_FILE = YES;
				IPHONEOS_DEPLOYMENT_TARGET = 16.4;
				MARKETING_VERSION = 1.0;
				PRODUCT_BUNDLE_IDENTIFIER = "com.ansh.News-App-AnkitaTests";
				PRODUCT_NAME = "$(TARGET_NAME)";
				SWIFT_EMIT_LOC_STRINGS = NO;
				SWIFT_VERSION = 5.0;
				TARGETED_DEVICE_FAMILY = "1,2";
				TEST_HOST = "$(BUILT_PRODUCTS_DIR)/News App Ankita.app/$(BUNDLE_EXECUTABLE_FOLDER_PATH)/News App Ankita";
			};
			name = Release;
		};
		1E86F6E42ADD6AF4009C6199 /* Debug */ = {
			isa = XCBuildConfiguration;
			buildSettings = {
				ALWAYS_EMBED_SWIFT_STANDARD_LIBRARIES = YES;
				CODE_SIGN_STYLE = Automatic;
				CURRENT_PROJECT_VERSION = 1;
				GENERATE_INFOPLIST_FILE = YES;
				MARKETING_VERSION = 1.0;
				PRODUCT_BUNDLE_IDENTIFIER = "com.ansh.News-App-AnkitaUITests";
				PRODUCT_NAME = "$(TARGET_NAME)";
				SWIFT_EMIT_LOC_STRINGS = NO;
				SWIFT_VERSION = 5.0;
				TARGETED_DEVICE_FAMILY = "1,2";
				TEST_TARGET_NAME = "News App Ankita";
			};
			name = Debug;
		};
		1E86F6E52ADD6AF4009C6199 /* Release */ = {
			isa = XCBuildConfiguration;
			buildSettings = {
				ALWAYS_EMBED_SWIFT_STANDARD_LIBRARIES = YES;
				CODE_SIGN_STYLE = Automatic;
				CURRENT_PROJECT_VERSION = 1;
				GENERATE_INFOPLIST_FILE = YES;
				MARKETING_VERSION = 1.0;
				PRODUCT_BUNDLE_IDENTIFIER = "com.ansh.News-App-AnkitaUITests";
				PRODUCT_NAME = "$(TARGET_NAME)";
				SWIFT_EMIT_LOC_STRINGS = NO;
				SWIFT_VERSION = 5.0;
				TARGETED_DEVICE_FAMILY = "1,2";
				TEST_TARGET_NAME = "News App Ankita";
			};
			name = Release;
		};
/* End XCBuildConfiguration section */

/* Begin XCConfigurationList section */
		1E86F6AE2ADD6AF2009C6199 /* Build configuration list for PBXProject "News App Ankita" */ = {
			isa = XCConfigurationList;
			buildConfigurations = (
				1E86F6DB2ADD6AF4009C6199 /* Debug */,
				1E86F6DC2ADD6AF4009C6199 /* Release */,
			);
			defaultConfigurationIsVisible = 0;
			defaultConfigurationName = Release;
		};
		1E86F6DD2ADD6AF4009C6199 /* Build configuration list for PBXNativeTarget "News App Ankita" */ = {
			isa = XCConfigurationList;
			buildConfigurations = (
				1E86F6DE2ADD6AF4009C6199 /* Debug */,
				1E86F6DF2ADD6AF4009C6199 /* Release */,
			);
			defaultConfigurationIsVisible = 0;
			defaultConfigurationName = Release;
		};
		1E86F6E02ADD6AF4009C6199 /* Build configuration list for PBXNativeTarget "News App AnkitaTests" */ = {
			isa = XCConfigurationList;
			buildConfigurations = (
				1E86F6E12ADD6AF4009C6199 /* Debug */,
				1E86F6E22ADD6AF4009C6199 /* Release */,
			);
			defaultConfigurationIsVisible = 0;
			defaultConfigurationName = Release;
		};
		1E86F6E32ADD6AF4009C6199 /* Build configuration list for PBXNativeTarget "News App AnkitaUITests" */ = {
			isa = XCConfigurationList;
			buildConfigurations = (
				1E86F6E42ADD6AF4009C6199 /* Debug */,
				1E86F6E52ADD6AF4009C6199 /* Release */,
			);
			defaultConfigurationIsVisible = 0;
			defaultConfigurationName = Release;
		};
/* End XCConfigurationList section */
	};
	rootObject = 1E86F6AB2ADD6AF2009C6199 /* Project object */;
}
